Microsoft Visual Studio Solution File, Format Version 11.00
# Visual Studio 2008

Project("{1BF8629B-6AD1-3933-35D1-06A595518D1E}") = "PiP", "Assembly-CSharp.csproj", "{9E6CAFB8-0C76-0648-D527-07AB67D68F7C}"
EndProject
Global
	GlobalSection(SolutionConfigurationPlatforms) = preSolution
		Debug|Any CPU = Debug|Any CPU
		Release|Any CPU = Release|Any CPU
	EndGlobalSection
	GlobalSection(ProjectConfigurationPlatforms) = postSolution
		{9E6CAFB8-0C76-0648-D527-07AB67D68F7C}.Debug|Any CPU.ActiveCfg = Debug|Any CPU
		{9E6CAFB8-0C76-0648-D527-07AB67D68F7C}.Debug|Any CPU.Build.0 = Debug|Any CPU
		{9E6CAFB8-0C76-0648-D527-07AB67D68F7C}.Release|Any CPU.ActiveCfg = Release|Any CPU
		{9E6CAFB8-0C76-0648-D527-07AB67D68F7C}.Release|Any CPU.Build.0 = Release|Any CPU
	EndGlobalSection
	GlobalSection(SolutionProperties) = preSolution
		HideSolutionNode = FALSE
	EndGlobalSection
	GlobalSection(MonoDevelopProperties) = preSolution
		StartupItem = Assembly-CSharp.csproj
	EndGlobalSection
EndGlobal
