
Microsoft Visual Studio Solution File, Format Version 12.00
# Visual Studio 2015
Project("{FAE04EC0-301F-11D3-BF4B-00C04F79EFBC}") = "Gaea's Trial_Debugged_PartialDestruction.CSharp.Plugins", "Gaea's Trial_Debugged_PartialDestruction.CSharp.Plugins.csproj", "{26D09DCD-A967-2848-A2AB-C31612CCC946}"
EndProject
Project("{FAE04EC0-301F-11D3-BF4B-00C04F79EFBC}") = "Gaea's Trial_Debugged_PartialDestruction.CSharp", "Gaea's Trial_Debugged_PartialDestruction.CSharp.csproj", "{9B6033B8-CC16-F9AF-876B-740021A9B596}"
EndProject
Project("{FAE04EC0-301F-11D3-BF4B-00C04F79EFBC}") = "Gaea's Trial_Debugged_PartialDestruction.CSharp.Editor.Plugins", "Gaea's Trial_Debugged_PartialDestruction.CSharp.Editor.Plugins.csproj", "{593F0484-5E20-4502-7949-2B6974D2015B}"
EndProject
Global
	GlobalSection(SolutionConfigurationPlatforms) = preSolution
		Debug|Any CPU = Debug|Any CPU
		Release|Any CPU = Release|Any CPU
	EndGlobalSection
	GlobalSection(ProjectConfigurationPlatforms) = postSolution
		{26D09DCD-A967-2848-A2AB-C31612CCC946}.Debug|Any CPU.ActiveCfg = Debug|Any CPU
		{26D09DCD-A967-2848-A2AB-C31612CCC946}.Debug|Any CPU.Build.0 = Debug|Any CPU
		{26D09DCD-A967-2848-A2AB-C31612CCC946}.Release|Any CPU.ActiveCfg = Release|Any CPU
		{26D09DCD-A967-2848-A2AB-C31612CCC946}.Release|Any CPU.Build.0 = Release|Any CPU
		{9B6033B8-CC16-F9AF-876B-740021A9B596}.Debug|Any CPU.ActiveCfg = Debug|Any CPU
		{9B6033B8-CC16-F9AF-876B-740021A9B596}.Debug|Any CPU.Build.0 = Debug|Any CPU
		{9B6033B8-CC16-F9AF-876B-740021A9B596}.Release|Any CPU.ActiveCfg = Release|Any CPU
		{9B6033B8-CC16-F9AF-876B-740021A9B596}.Release|Any CPU.Build.0 = Release|Any CPU
		{593F0484-5E20-4502-7949-2B6974D2015B}.Debug|Any CPU.ActiveCfg = Debug|Any CPU
		{593F0484-5E20-4502-7949-2B6974D2015B}.Debug|Any CPU.Build.0 = Debug|Any CPU
		{593F0484-5E20-4502-7949-2B6974D2015B}.Release|Any CPU.ActiveCfg = Release|Any CPU
		{593F0484-5E20-4502-7949-2B6974D2015B}.Release|Any CPU.Build.0 = Release|Any CPU
	EndGlobalSection
	GlobalSection(SolutionProperties) = preSolution
		HideSolutionNode = FALSE
	EndGlobalSection
EndGlobal
